Microsoft Visual Studio Solution File, Format Version 11.00
# Visual Studio 2010
Project("{8BC9CEB8-8B4A-11D0-8D11-00A0C91BC942}") = "MemoryManager", "..\MemoryManager\MemoryManager.vcxproj", "{B6BDD524-1DDE-4A65-AED7-9EE4BC86A05D}"
EndProject
Project("{8BC9CEB8-8B4A-11D0-8D11-00A0C91BC942}") = "Caldron", "..\Engine\Caldron\Caldron.vcxproj", "{F65430A6-D6C5-4EDA-A035-6E9B615E434B}"
EndProject
Project("{8BC9CEB8-8B4A-11D0-8D11-00A0C91BC942}") = "CrossM", "..\Engine\CrossM\CrossM.vcxproj", "{540A7517-D29E-4835-8392-1922B8D53B7B}"
EndProject
Project("{8BC9CEB8-8B4A-11D0-8D11-00A0C91BC942}") = "Effect", "..\Engine\Effect\Effect.vcxproj", "{AE5E7ECA-0D7F-4538-B80C-900B07AA00CE}"
EndProject
Project("{8BC9CEB8-8B4A-11D0-8D11-00A0C91BC942}") = "SoundLib", "..\Engine\SoundLib\SoundLib.vcxproj", "{00A76BEC-6D9A-4CAC-9E79-EDA8E5A9B9C4}"
EndProject
Project("{8BC9CEB8-8B4A-11D0-8D11-00A0C91BC942}") = "Zalla3D Base Class", "..\Engine\Zalla3D Base Class\Zalla3D Base Class.vcxproj", "{663B3237-D6E2-4D71-8696-1425EBBEDBAD}"
EndProject
Project("{8BC9CEB8-8B4A-11D0-8D11-00A0C91BC942}") = "Zalla3D Scene Class", "..\Engine\Zalla3D Scene Class\Zalla3D Scene Class.vcxproj", "{48125D58-8048-48F4-97C6-967C72096625}"
EndProject
Project("{8BC9CEB8-8B4A-11D0-8D11-00A0C91BC942}") = "CharacterActionControl", "CharacterActionControl\CharacterActionControl.vcxproj", "{3A5BBAD5-1C45-4F24-973C-DC63B5C0F8AF}"
EndProject
Project("{8BC9CEB8-8B4A-11D0-8D11-00A0C91BC942}") = "GlobalScript", "GlobalScript\GlobalScript.vcxproj", "{FC216D91-D7AE-44C9-BE1F-86544B1AD594}"
EndProject
Project("{8BC9CEB8-8B4A-11D0-8D11-00A0C91BC942}") = "ScriptEngine", "ScriptEngine\ScriptEngine.vcxproj", "{38A28771-3FBC-4836-841D-F01C585D0DF4}"
EndProject
Project("{8BC9CEB8-8B4A-11D0-8D11-00A0C91BC942}") = "NeoRylClient", "RYLClient\RYLClient.vcxproj", "{4A8F2392-F16B-40D5-9A4A-4738B39C98C6}"
	ProjectSection(ProjectDependencies) = postProject
		{C354B391-3313-4C32-9CB1-C84F1C0044A9} = {C354B391-3313-4C32-9CB1-C84F1C0044A9}
	EndProjectSection
EndProject
Project("{8BC9CEB8-8B4A-11D0-8D11-00A0C91BC942}") = "LUA", "RYLClient\LUA.vcxproj", "{C354B391-3313-4C32-9CB1-C84F1C0044A9}"
EndProject
Global
	GlobalSection(SolutionConfigurationPlatforms) = preSolution
		Debug_MY|Win32 = Debug_MY|Win32
		Debug|Win32 = Debug|Win32
		Release_MY|Win32 = Release_MY|Win32
		Release_NoGD|Win32 = Release_NoGD|Win32
		Release|Win32 = Release|Win32
	EndGlobalSection
	GlobalSection(ProjectConfigurationPlatforms) = postSolution
		{B6BDD524-1DDE-4A65-AED7-9EE4BC86A05D}.Debug_MY|Win32.ActiveCfg = Debug_MY|Win32
		{B6BDD524-1DDE-4A65-AED7-9EE4BC86A05D}.Debug_MY|Win32.Build.0 = Debug_MY|Win32
		{B6BDD524-1DDE-4A65-AED7-9EE4BC86A05D}.Debug|Win32.ActiveCfg = Debug|Win32
		{B6BDD524-1DDE-4A65-AED7-9EE4BC86A05D}.Debug|Win32.Build.0 = Debug|Win32
		{B6BDD524-1DDE-4A65-AED7-9EE4BC86A05D}.Release_MY|Win32.ActiveCfg = Release_MY|Win32
		{B6BDD524-1DDE-4A65-AED7-9EE4BC86A05D}.Release_MY|Win32.Build.0 = Release_MY|Win32
		{B6BDD524-1DDE-4A65-AED7-9EE4BC86A05D}.Release_NoGD|Win32.ActiveCfg = Release_NoGD|Win32
		{B6BDD524-1DDE-4A65-AED7-9EE4BC86A05D}.Release_NoGD|Win32.Build.0 = Release_NoGD|Win32
		{B6BDD524-1DDE-4A65-AED7-9EE4BC86A05D}.Release|Win32.ActiveCfg = Release|Win32
		{B6BDD524-1DDE-4A65-AED7-9EE4BC86A05D}.Release|Win32.Build.0 = Release|Win32
		{F65430A6-D6C5-4EDA-A035-6E9B615E434B}.Debug_MY|Win32.ActiveCfg = Debug_MY|Win32
		{F65430A6-D6C5-4EDA-A035-6E9B615E434B}.Debug_MY|Win32.Build.0 = Debug_MY|Win32
		{F65430A6-D6C5-4EDA-A035-6E9B615E434B}.Debug|Win32.ActiveCfg = Debug|Win32
		{F65430A6-D6C5-4EDA-A035-6E9B615E434B}.Debug|Win32.Build.0 = Debug|Win32
		{F65430A6-D6C5-4EDA-A035-6E9B615E434B}.Release_MY|Win32.ActiveCfg = Release_MY|Win32
		{F65430A6-D6C5-4EDA-A035-6E9B615E434B}.Release_MY|Win32.Build.0 = Release_MY|Win32
		{F65430A6-D6C5-4EDA-A035-6E9B615E434B}.Release_NoGD|Win32.ActiveCfg = Release_NoGD|Win32
		{F65430A6-D6C5-4EDA-A035-6E9B615E434B}.Release_NoGD|Win32.Build.0 = Release_NoGD|Win32
		{F65430A6-D6C5-4EDA-A035-6E9B615E434B}.Release|Win32.ActiveCfg = Release|Win32
		{F65430A6-D6C5-4EDA-A035-6E9B615E434B}.Release|Win32.Build.0 = Release|Win32
		{540A7517-D29E-4835-8392-1922B8D53B7B}.Debug_MY|Win32.ActiveCfg = Debug_MY|Win32
		{540A7517-D29E-4835-8392-1922B8D53B7B}.Debug_MY|Win32.Build.0 = Debug_MY|Win32
		{540A7517-D29E-4835-8392-1922B8D53B7B}.Debug|Win32.ActiveCfg = Debug|Win32
		{540A7517-D29E-4835-8392-1922B8D53B7B}.Debug|Win32.Build.0 = Debug|Win32
		{540A7517-D29E-4835-8392-1922B8D53B7B}.Release_MY|Win32.ActiveCfg = Release_MY|Win32
		{540A7517-D29E-4835-8392-1922B8D53B7B}.Release_MY|Win32.Build.0 = Release_MY|Win32
		{540A7517-D29E-4835-8392-1922B8D53B7B}.Release_NoGD|Win32.ActiveCfg = Release_NoGD|Win32
		{540A7517-D29E-4835-8392-1922B8D53B7B}.Release_NoGD|Win32.Build.0 = Release_NoGD|Win32
		{540A7517-D29E-4835-8392-1922B8D53B7B}.Release|Win32.ActiveCfg = Release|Win32
		{540A7517-D29E-4835-8392-1922B8D53B7B}.Release|Win32.Build.0 = Release|Win32
		{AE5E7ECA-0D7F-4538-B80C-900B07AA00CE}.Debug_MY|Win32.ActiveCfg = Debug_MY|Win32
		{AE5E7ECA-0D7F-4538-B80C-900B07AA00CE}.Debug_MY|Win32.Build.0 = Debug_MY|Win32
		{AE5E7ECA-0D7F-4538-B80C-900B07AA00CE}.Debug|Win32.ActiveCfg = Debug|Win32
		{AE5E7ECA-0D7F-4538-B80C-900B07AA00CE}.Debug|Win32.Build.0 = Debug|Win32
		{AE5E7ECA-0D7F-4538-B80C-900B07AA00CE}.Release_MY|Win32.ActiveCfg = Release_MY|Win32
		{AE5E7ECA-0D7F-4538-B80C-900B07AA00CE}.Release_MY|Win32.Build.0 = Release_MY|Win32
		{AE5E7ECA-0D7F-4538-B80C-900B07AA00CE}.Release_NoGD|Win32.ActiveCfg = Release_NoGD|Win32
		{AE5E7ECA-0D7F-4538-B80C-900B07AA00CE}.Release_NoGD|Win32.Build.0 = Release_NoGD|Win32
		{AE5E7ECA-0D7F-4538-B80C-900B07AA00CE}.Release|Win32.ActiveCfg = Release|Win32
		{AE5E7ECA-0D7F-4538-B80C-900B07AA00CE}.Release|Win32.Build.0 = Release|Win32
		{00A76BEC-6D9A-4CAC-9E79-EDA8E5A9B9C4}.Debug_MY|Win32.ActiveCfg = Debug_MY|Win32
		{00A76BEC-6D9A-4CAC-9E79-EDA8E5A9B9C4}.Debug_MY|Win32.Build.0 = Debug_MY|Win32
		{00A76BEC-6D9A-4CAC-9E79-EDA8E5A9B9C4}.Debug|Win32.ActiveCfg = Debug|Win32
		{00A76BEC-6D9A-4CAC-9E79-EDA8E5A9B9C4}.Debug|Win32.Build.0 = Debug|Win32
		{00A76BEC-6D9A-4CAC-9E79-EDA8E5A9B9C4}.Release_MY|Win32.ActiveCfg = Release_MY|Win32
		{00A76BEC-6D9A-4CAC-9E79-EDA8E5A9B9C4}.Release_MY|Win32.Build.0 = Release_MY|Win32
		{00A76BEC-6D9A-4CAC-9E79-EDA8E5A9B9C4}.Release_NoGD|Win32.ActiveCfg = Release_NoGD|Win32
		{00A76BEC-6D9A-4CAC-9E79-EDA8E5A9B9C4}.Release_NoGD|Win32.Build.0 = Release_NoGD|Win32
		{00A76BEC-6D9A-4CAC-9E79-EDA8E5A9B9C4}.Release|Win32.ActiveCfg = Release|Win32
		{00A76BEC-6D9A-4CAC-9E79-EDA8E5A9B9C4}.Release|Win32.Build.0 = Release|Win32
		{663B3237-D6E2-4D71-8696-1425EBBEDBAD}.Debug_MY|Win32.ActiveCfg = Debug_MY|Win32
		{663B3237-D6E2-4D71-8696-1425EBBEDBAD}.Debug_MY|Win32.Build.0 = Debug_MY|Win32
		{663B3237-D6E2-4D71-8696-1425EBBEDBAD}.Debug|Win32.ActiveCfg = Debug|Win32
		{663B3237-D6E2-4D71-8696-1425EBBEDBAD}.Debug|Win32.Build.0 = Debug|Win32
		{663B3237-D6E2-4D71-8696-1425EBBEDBAD}.Release_MY|Win32.ActiveCfg = Release_MY|Win32
		{663B3237-D6E2-4D71-8696-1425EBBEDBAD}.Release_MY|Win32.Build.0 = Release_MY|Win32
		{663B3237-D6E2-4D71-8696-1425EBBEDBAD}.Release_NoGD|Win32.ActiveCfg = Release_NoGD|Win32
		{663B3237-D6E2-4D71-8696-1425EBBEDBAD}.Release_NoGD|Win32.Build.0 = Release_NoGD|Win32
		{663B3237-D6E2-4D71-8696-1425EBBEDBAD}.Release|Win32.ActiveCfg = Release|Win32
		{663B3237-D6E2-4D71-8696-1425EBBEDBAD}.Release|Win32.Build.0 = Release|Win32
		{48125D58-8048-48F4-97C6-967C72096625}.Debug_MY|Win32.ActiveCfg = Debug_MY|Win32
		{48125D58-8048-48F4-97C6-967C72096625}.Debug_MY|Win32.Build.0 = Debug_MY|Win32
		{48125D58-8048-48F4-97C6-967C72096625}.Debug|Win32.ActiveCfg = Debug|Win32
		{48125D58-8048-48F4-97C6-967C72096625}.Debug|Win32.Build.0 = Debug|Win32
		{48125D58-8048-48F4-97C6-967C72096625}.Release_MY|Win32.ActiveCfg = Release_MY|Win32
		{48125D58-8048-48F4-97C6-967C72096625}.Release_MY|Win32.Build.0 = Release_MY|Win32
		{48125D58-8048-48F4-97C6-967C72096625}.Release_NoGD|Win32.ActiveCfg = Release_NoGD|Win32
		{48125D58-8048-48F4-97C6-967C72096625}.Release_NoGD|Win32.Build.0 = Release_NoGD|Win32
		{48125D58-8048-48F4-97C6-967C72096625}.Release|Win32.ActiveCfg = Release|Win32
		{48125D58-8048-48F4-97C6-967C72096625}.Release|Win32.Build.0 = Release|Win32
		{3A5BBAD5-1C45-4F24-973C-DC63B5C0F8AF}.Debug_MY|Win32.ActiveCfg = Debug_MY|Win32
		{3A5BBAD5-1C45-4F24-973C-DC63B5C0F8AF}.Debug_MY|Win32.Build.0 = Debug_MY|Win32
		{3A5BBAD5-1C45-4F24-973C-DC63B5C0F8AF}.Debug|Win32.ActiveCfg = Debug|Win32
		{3A5BBAD5-1C45-4F24-973C-DC63B5C0F8AF}.Debug|Win32.Build.0 = Debug|Win32
		{3A5BBAD5-1C45-4F24-973C-DC63B5C0F8AF}.Release_MY|Win32.ActiveCfg = Release_MY|Win32
		{3A5BBAD5-1C45-4F24-973C-DC63B5C0F8AF}.Release_MY|Win32.Build.0 = Release_MY|Win32
		{3A5BBAD5-1C45-4F24-973C-DC63B5C0F8AF}.Release_NoGD|Win32.ActiveCfg = Release_NoGD|Win32
		{3A5BBAD5-1C45-4F24-973C-DC63B5C0F8AF}.Release_NoGD|Win32.Build.0 = Release_NoGD|Win32
		{3A5BBAD5-1C45-4F24-973C-DC63B5C0F8AF}.Release|Win32.ActiveCfg = Release|Win32
		{3A5BBAD5-1C45-4F24-973C-DC63B5C0F8AF}.Release|Win32.Build.0 = Release|Win32
		{FC216D91-D7AE-44C9-BE1F-86544B1AD594}.Debug_MY|Win32.ActiveCfg = Debug_MY|Win32
		{FC216D91-D7AE-44C9-BE1F-86544B1AD594}.Debug_MY|Win32.Build.0 = Debug_MY|Win32
		{FC216D91-D7AE-44C9-BE1F-86544B1AD594}.Debug|Win32.ActiveCfg = Debug|Win32
		{FC216D91-D7AE-44C9-BE1F-86544B1AD594}.Debug|Win32.Build.0 = Debug|Win32
		{FC216D91-D7AE-44C9-BE1F-86544B1AD594}.Release_MY|Win32.ActiveCfg = Release_MY|Win32
		{FC216D91-D7AE-44C9-BE1F-86544B1AD594}.Release_MY|Win32.Build.0 = Release_MY|Win32
		{FC216D91-D7AE-44C9-BE1F-86544B1AD594}.Release_NoGD|Win32.ActiveCfg = Release_NoGD|Win32
		{FC216D91-D7AE-44C9-BE1F-86544B1AD594}.Release_NoGD|Win32.Build.0 = Release_NoGD|Win32
		{FC216D91-D7AE-44C9-BE1F-86544B1AD594}.Release|Win32.ActiveCfg = Release|Win32
		{FC216D91-D7AE-44C9-BE1F-86544B1AD594}.Release|Win32.Build.0 = Release|Win32
		{38A28771-3FBC-4836-841D-F01C585D0DF4}.Debug_MY|Win32.ActiveCfg = Debug_MY|Win32
		{38A28771-3FBC-4836-841D-F01C585D0DF4}.Debug_MY|Win32.Build.0 = Debug_MY|Win32
		{38A28771-3FBC-4836-841D-F01C585D0DF4}.Debug|Win32.ActiveCfg = Debug|Win32
		{38A28771-3FBC-4836-841D-F01C585D0DF4}.Debug|Win32.Build.0 = Debug|Win32
		{38A28771-3FBC-4836-841D-F01C585D0DF4}.Release_MY|Win32.ActiveCfg = Release_MY|Win32
		{38A28771-3FBC-4836-841D-F01C585D0DF4}.Release_MY|Win32.Build.0 = Release_MY|Win32
		{38A28771-3FBC-4836-841D-F01C585D0DF4}.Release_NoGD|Win32.ActiveCfg = Release_NoGD|Win32
		{38A28771-3FBC-4836-841D-F01C585D0DF4}.Release_NoGD|Win32.Build.0 = Release_NoGD|Win32
		{38A28771-3FBC-4836-841D-F01C585D0DF4}.Release|Win32.ActiveCfg = Release|Win32
		{38A28771-3FBC-4836-841D-F01C585D0DF4}.Release|Win32.Build.0 = Release|Win32
		{4A8F2392-F16B-40D5-9A4A-4738B39C98C6}.Debug_MY|Win32.ActiveCfg = Debug_MY|Win32
		{4A8F2392-F16B-40D5-9A4A-4738B39C98C6}.Debug_MY|Win32.Build.0 = Debug_MY|Win32
		{4A8F2392-F16B-40D5-9A4A-4738B39C98C6}.Debug|Win32.ActiveCfg = Debug|Win32
		{4A8F2392-F16B-40D5-9A4A-4738B39C98C6}.Debug|Win32.Build.0 = Debug|Win32
		{4A8F2392-F16B-40D5-9A4A-4738B39C98C6}.Release_MY|Win32.ActiveCfg = Release_MY|Win32
		{4A8F2392-F16B-40D5-9A4A-4738B39C98C6}.Release_MY|Win32.Build.0 = Release_MY|Win32
		{4A8F2392-F16B-40D5-9A4A-4738B39C98C6}.Release_NoGD|Win32.ActiveCfg = Release_NoGD|Win32
		{4A8F2392-F16B-40D5-9A4A-4738B39C98C6}.Release_NoGD|Win32.Build.0 = Release_NoGD|Win32
		{4A8F2392-F16B-40D5-9A4A-4738B39C98C6}.Release|Win32.ActiveCfg = Release|Win32
		{4A8F2392-F16B-40D5-9A4A-4738B39C98C6}.Release|Win32.Build.0 = Release|Win32
		{C354B391-3313-4C32-9CB1-C84F1C0044A9}.Debug_MY|Win32.ActiveCfg = Debug|Win32
		{C354B391-3313-4C32-9CB1-C84F1C0044A9}.Debug_MY|Win32.Build.0 = Debug|Win32
		{C354B391-3313-4C32-9CB1-C84F1C0044A9}.Debug|Win32.ActiveCfg = Debug|Win32
		{C354B391-3313-4C32-9CB1-C84F1C0044A9}.Debug|Win32.Build.0 = Debug|Win32
		{C354B391-3313-4C32-9CB1-C84F1C0044A9}.Release_MY|Win32.ActiveCfg = Release|Win32
		{C354B391-3313-4C32-9CB1-C84F1C0044A9}.Release_MY|Win32.Build.0 = Release|Win32
		{C354B391-3313-4C32-9CB1-C84F1C0044A9}.Release_NoGD|Win32.ActiveCfg = Release|Win32
		{C354B391-3313-4C32-9CB1-C84F1C0044A9}.Release_NoGD|Win32.Build.0 = Release|Win32
		{C354B391-3313-4C32-9CB1-C84F1C0044A9}.Release|Win32.ActiveCfg = Release|Win32
		{C354B391-3313-4C32-9CB1-C84F1C0044A9}.Release|Win32.Build.0 = Release|Win32
	EndGlobalSection
	GlobalSection(SolutionProperties) = preSolution
		HideSolutionNode = FALSE
	EndGlobalSection
EndGlobal
